
Microsoft Visual Studio Solution File, Format Version 12.00
# Visual Studio 15
VisualStudioVersion = 15.0.28010.2046
MinimumVisualStudioVersion = 10.0.40219.1
Project("{FAE04EC0-301F-11D3-BF4B-00C04F79EFBC}") = "ContactManager.UI", "ContactManager.UI\ContactManager.UI.csproj", "{26C464B7-14F1-4479-AD2D-745F12E8A70F}"
EndProject
Project("{FAE04EC0-301F-11D3-BF4B-00C04F79EFBC}") = "ContactManager", "ContactManager\ContactManager.csproj", "{123F970F-F963-494B-9B13-53755E6DFB9A}"
EndProject
Global
	GlobalSection(SolutionConfigurationPlatforms) = preSolution
		Debug|Any CPU = Debug|Any CPU
		Release|Any CPU = Release|Any CPU
	EndGlobalSection
	GlobalSection(ProjectConfigurationPlatforms) = postSolution
		{26C464B7-14F1-4479-AD2D-745F12E8A70F}.Debug|Any CPU.ActiveCfg = Debug|Any CPU
		{26C464B7-14F1-4479-AD2D-745F12E8A70F}.Debug|Any CPU.Build.0 = Debug|Any CPU
		{26C464B7-14F1-4479-AD2D-745F12E8A70F}.Release|Any CPU.ActiveCfg = Release|Any CPU
		{26C464B7-14F1-4479-AD2D-745F12E8A70F}.Release|Any CPU.Build.0 = Release|Any CPU
		{123F970F-F963-494B-9B13-53755E6DFB9A}.Debug|Any CPU.ActiveCfg = Debug|Any CPU
		{123F970F-F963-494B-9B13-53755E6DFB9A}.Debug|Any CPU.Build.0 = Debug|Any CPU
		{123F970F-F963-494B-9B13-53755E6DFB9A}.Release|Any CPU.ActiveCfg = Release|Any CPU
		{123F970F-F963-494B-9B13-53755E6DFB9A}.Release|Any CPU.Build.0 = Release|Any CPU
	EndGlobalSection
	GlobalSection(SolutionProperties) = preSolution
		HideSolutionNode = FALSE
	EndGlobalSection
	GlobalSection(ExtensibilityGlobals) = postSolution
		SolutionGuid = {1DFE35BA-75B0-42A8-879D-2251BD9CAA26}
	EndGlobalSection
EndGlobal
